
Microsoft Visual Studio Solution File, Format Version 12.00
# Visual Studio Version 16
VisualStudioVersion = 16.0.30717.126
MinimumVisualStudioVersion = 10.0.40219.1
Project("{9A19103F-16F7-4668-BE54-9A1E7A4F7556}") = "CustomerSubscriptionWebApp", "CustomerSubscriptionWebApp\CustomerSubscriptionWebApp.csproj", "{A6DCB545-94B7-4DB0-B039-F6BE12456266}"
EndProject
Project("{E53339B2-1760-4266-BCC7-CA923CBCF16C}") = "docker-compose", "docker-compose.dcproj", "{93C6C2F8-A454-4D02-847E-0282B497D2BC}"
EndProject
Global
	GlobalSection(SolutionConfigurationPlatforms) = preSolution
		Debug|Any CPU = Debug|Any CPU
		Release|Any CPU = Release|Any CPU
	EndGlobalSection
	GlobalSection(ProjectConfigurationPlatforms) = postSolution
		{A6DCB545-94B7-4DB0-B039-F6BE12456266}.Debug|Any CPU.ActiveCfg = Debug|Any CPU
		{A6DCB545-94B7-4DB0-B039-F6BE12456266}.Debug|Any CPU.Build.0 = Debug|Any CPU
		{A6DCB545-94B7-4DB0-B039-F6BE12456266}.Release|Any CPU.ActiveCfg = Release|Any CPU
		{A6DCB545-94B7-4DB0-B039-F6BE12456266}.Release|Any CPU.Build.0 = Release|Any CPU
		{93C6C2F8-A454-4D02-847E-0282B497D2BC}.Debug|Any CPU.ActiveCfg = Debug|Any CPU
		{93C6C2F8-A454-4D02-847E-0282B497D2BC}.Debug|Any CPU.Build.0 = Debug|Any CPU
		{93C6C2F8-A454-4D02-847E-0282B497D2BC}.Release|Any CPU.ActiveCfg = Release|Any CPU
		{93C6C2F8-A454-4D02-847E-0282B497D2BC}.Release|Any CPU.Build.0 = Release|Any CPU
	EndGlobalSection
	GlobalSection(SolutionProperties) = preSolution
		HideSolutionNode = FALSE
	EndGlobalSection
	GlobalSection(ExtensibilityGlobals) = postSolution
		SolutionGuid = {908DD4DF-ED81-4DD8-8295-9C6DFEF6AF54}
	EndGlobalSection
EndGlobal
